Microsoft Visual Studio Solution File, Format Version 12.00
# Visual Studio Version 17
VisualStudioVersion = 17.5.2.0
MinimumVisualStudioVersion = 10.0.40219.1
Project("{FAE04EC0-301F-11D3-BF4B-00C04F79EFBC}") = "lab10b", "lab10b.csproj", "{E71A460A-8855-E89A-A163-7628E5FE67B9}"
EndProject
Global
	GlobalSection(SolutionConfigurationPlatforms) = preSolution
		Debug|Any CPU = Debug|Any CPU
		Release|Any CPU = Release|Any CPU
	EndGlobalSection
	GlobalSection(ProjectConfigurationPlatforms) = postSolution
		{E71A460A-8855-E89A-A163-7628E5FE67B9}.Debug|Any CPU.ActiveCfg = Debug|Any CPU
		{E71A460A-8855-E89A-A163-7628E5FE67B9}.Debug|Any CPU.Build.0 = Debug|Any CPU
		{E71A460A-8855-E89A-A163-7628E5FE67B9}.Release|Any CPU.ActiveCfg = Release|Any CPU
		{E71A460A-8855-E89A-A163-7628E5FE67B9}.Release|Any CPU.Build.0 = Release|Any CPU
	EndGlobalSection
	GlobalSection(SolutionProperties) = preSolution
		HideSolutionNode = FALSE
	EndGlobalSection
	GlobalSection(ExtensibilityGlobals) = postSolution
		SolutionGuid = {5396926A-9B11-4237-8CE5-8A953ABB8B0F}
	EndGlobalSection
EndGlobal
