Microsoft Visual Studio Solution File, Format Version 12.00
# Visual Studio Version 17
VisualStudioVersion = 17.5.2.0
MinimumVisualStudioVersion = 10.0.40219.1
Project("{FAE04EC0-301F-11D3-BF4B-00C04F79EFBC}") = "lab9d", "lab9d.csproj", "{4844F30F-58B9-CA99-EF30-7A691153BBE7}"
EndProject
Global
	GlobalSection(SolutionConfigurationPlatforms) = preSolution
		Debug|Any CPU = Debug|Any CPU
		Release|Any CPU = Release|Any CPU
	EndGlobalSection
	GlobalSection(ProjectConfigurationPlatforms) = postSolution
		{4844F30F-58B9-CA99-EF30-7A691153BBE7}.Debug|Any CPU.ActiveCfg = Debug|Any CPU
		{4844F30F-58B9-CA99-EF30-7A691153BBE7}.Debug|Any CPU.Build.0 = Debug|Any CPU
		{4844F30F-58B9-CA99-EF30-7A691153BBE7}.Release|Any CPU.ActiveCfg = Release|Any CPU
		{4844F30F-58B9-CA99-EF30-7A691153BBE7}.Release|Any CPU.Build.0 = Release|Any CPU
	EndGlobalSection
	GlobalSection(SolutionProperties) = preSolution
		HideSolutionNode = FALSE
	EndGlobalSection
	GlobalSection(ExtensibilityGlobals) = postSolution
		SolutionGuid = {298EAD80-9B7F-456B-979E-9E164DB379C6}
	EndGlobalSection
EndGlobal
