Microsoft Visual Studio Solution File, Format Version 12.00
# Visual Studio Version 17
VisualStudioVersion = 17.5.2.0
MinimumVisualStudioVersion = 10.0.40219.1
Project("{FAE04EC0-301F-11D3-BF4B-00C04F79EFBC}") = "lab9a", "lab9a.csproj", "{493E1D0C-A68F-CB89-3904-C614B8548317}"
EndProject
Global
	GlobalSection(SolutionConfigurationPlatforms) = preSolution
		Debug|Any CPU = Debug|Any CPU
		Release|Any CPU = Release|Any CPU
	EndGlobalSection
	GlobalSection(ProjectConfigurationPlatforms) = postSolution
		{493E1D0C-A68F-CB89-3904-C614B8548317}.Debug|Any CPU.ActiveCfg = Debug|Any CPU
		{493E1D0C-A68F-CB89-3904-C614B8548317}.Debug|Any CPU.Build.0 = Debug|Any CPU
		{493E1D0C-A68F-CB89-3904-C614B8548317}.Release|Any CPU.ActiveCfg = Release|Any CPU
		{493E1D0C-A68F-CB89-3904-C614B8548317}.Release|Any CPU.Build.0 = Release|Any CPU
	EndGlobalSection
	GlobalSection(SolutionProperties) = preSolution
		HideSolutionNode = FALSE
	EndGlobalSection
	GlobalSection(ExtensibilityGlobals) = postSolution
		SolutionGuid = {6B6A3A64-4A7D-48CC-9F70-BCA7C31E2D65}
	EndGlobalSection
EndGlobal
